PODS:
  - Alamofire (4.0.1)
  - AlamofireImage (3.1.0):
    - Alamofire (~> 4.0)
  - Bolts (1.9.0):
    - Bolts/AppLinks (= 1.9.0)
    - Bolts/Tasks (= 1.9.0)
  - Bolts/AppLinks (1.9.0):
    - Bolts/Tasks
  - Bolts/Tasks (1.9.0)
  - Cache (2.2.2):
    - CryptoSwift
  - Charts (3.0.1):
    - Charts/Core (= 3.0.1)
  - Charts/Core (3.0.1)
  - CryptoSwift (0.10.0)
  - FacebookCore (0.3.1):
    - Bolts (~> 1.8)
    - FBSDKCoreKit (~> 4.33)
  - FacebookLogin (0.3.1):
    - Bolts (~> 1.8)
    - FacebookCore (~> 0.3.1)
    - FBSDKCoreKit (~> 4.33)
    - FBSDKLoginKit (~> 4.33)
  - FacebookShare (0.3.1):
    - Bolts (~> 1.8)
    - FacebookCore (~> 0.3.1)
    - FBSDKCoreKit (~> 4.33)
    - FBSDKShareKit (~> 4.33)
  - FBSDKCoreKit (4.33.0):
    - Bolts (~> 1.7)
  - FBSDKLoginKit (4.33.0):
    - FBSDKCoreKit
  - FBSDKShareKit (4.33.0):
    - FBSDKCoreKit (~> 4.33.0)
  - Firebase/Auth (5.2.0):
    - Firebase/CoreOnly
    - FirebaseAuth (= 5.0.1)
  - Firebase/Core (5.2.0):
    - Firebase/CoreOnly
    - FirebaseAnalytics (= 5.0.1)
  - Firebase/CoreOnly (5.2.0):
    - FirebaseCore (= 5.0.3)
  - Firebase/Crash (5.2.0):
    - Firebase/Core
    - FirebaseCrash (= 3.0.0)
  - Firebase/Messaging (5.2.0):
    - Firebase/CoreOnly
    - FirebaseMessaging (= 3.0.2)
  - Firebase/Storage (5.2.0):
    - Firebase/CoreOnly
    - FirebaseStorage (= 3.0.0)
  - FirebaseAnalytics (5.0.1):
    - FirebaseCore (~> 5.0)
    - FirebaseInstanceID (~> 3.0)
    - "GoogleToolboxForMac/NSData+zlib (~> 2.1)"
    - nanopb (~> 0.3)
  - FirebaseAuth (5.0.1):
    - FirebaseCore (~> 5.0)
    - GTMSessionFetcher/Core (~> 1.1)
  - FirebaseCore (5.0.3):
    - "GoogleToolboxForMac/NSData+zlib (~> 2.1)"
  - FirebaseCrash (3.0.0):
    - FirebaseAnalytics (~> 5.0)
    - FirebaseInstanceID (~> 3.0)
    - GoogleToolboxForMac/Logger (~> 2.1)
    - "GoogleToolboxForMac/NSData+zlib (~> 2.1)"
    - Protobuf (~> 3.5)
  - FirebaseInstanceID (3.1.0):
    - FirebaseCore (~> 5.0)
  - FirebaseMessaging (3.0.2):
    - FirebaseCore (~> 5.0)
    - FirebaseInstanceID (~> 3.0)
    - GoogleToolboxForMac/Logger (~> 2.1)
    - Protobuf (~> 3.1)
  - FirebaseStorage (3.0.0):
    - FirebaseCore (~> 5.0)
    - GTMSessionFetcher/Core (~> 1.1)
  - GoogleToolboxForMac/Defines (2.1.4)
  - GoogleToolboxForMac/Logger (2.1.4):
    - GoogleToolboxForMac/Defines (= 2.1.4)
  - "GoogleToolboxForMac/NSData+zlib (2.1.4)":
    - GoogleToolboxForMac/Defines (= 2.1.4)
  - GTMSessionFetcher/Core (1.1.15)
  - Keychain (0.3.1)
  - nanopb (0.3.8):
    - nanopb/decode (= 0.3.8)
    - nanopb/encode (= 0.3.8)
  - nanopb/decode (0.3.8)
  - nanopb/encode (0.3.8)
  - Protobuf (3.6.0)
  - SwiftDate (4.0.14)

DEPENDENCIES:
  - Alamofire (= 4.0.1)
  - AlamofireImage
  - Cache (= 2.2.2)
  - Charts (= 3.0.1)
  - FacebookCore
  - FacebookLogin
  - FacebookShare
  - Firebase/Auth
  - Firebase/Core
  - Firebase/Crash
  - Firebase/Messaging
  - Firebase/Storage
  - Keychain
  - SwiftDate (~> 4.0.11)

SPEC REPOS:
  https://github.com/cocoapods/specs.git:
    - Alamofire
    - AlamofireImage
    - Bolts
    - Cache
    - Charts
    - CryptoSwift
    - FacebookCore
    - FacebookLogin
    - FacebookShare
    - FBSDKCoreKit
    - FBSDKLoginKit
    - FBSDKShareKit
    - Firebase
    - FirebaseAnalytics
    - FirebaseAuth
    - FirebaseCore
    - FirebaseCrash
    - FirebaseInstanceID
    - FirebaseMessaging
    - FirebaseStorage
    - GoogleToolboxForMac
    - GTMSessionFetcher
    - Keychain
    - nanopb
    - Protobuf
    - SwiftDate

SPEC CHECKSUMS:
  Alamofire: 7682d43245de14874acd142ec137b144aa1dd335
  AlamofireImage: bb8c8351c51cb1633bb6be69b6dbbaff37ce65b7
  Bolts: ac6567323eac61e203f6a9763667d0f711be34c8
  Cache: b00196618af3facf17986fadda228cc77b5a5a10
  Charts: 0e84f4418e87dad6a9edde221fba37ebb51d3ba7
  CryptoSwift: 6c778d69282bed3b4e975ff97a79d074f20bb011
  FacebookCore: 33078ef1d7d76b73f7e8c990dca7d3ea6db8d22f
  FacebookLogin: 6f15bf4fefd7a8865abbfa8fcd7f3dfd87aa275f
  FacebookShare: c9ee8e5399d961fda00ded9befccacfe04fccf93
  FBSDKCoreKit: 572b047a7e029bc44542bcf8a59414e7ff2b543e
  FBSDKLoginKit: 88cb456349cfb3b554427ce4f8b43729d85dfb40
  FBSDKShareKit: 1869cb24db2cea90666a50cb9d568deb38e2d16e
  Firebase: 25ed0412036d7d008568d1fb4d2e9d81ea8a0a2c
  FirebaseAnalytics: b3628aea54c50464c32c393fb2ea032566e7ecc2
  FirebaseAuth: 463b8ce33bd5d05f706dcd4615499e3212b4132b
  FirebaseCore: a3c87242451633fff8490183898075ce77d168d2
  FirebaseCrash: 8900571fd763fd5bdda04522ec53da979456e3ce
  FirebaseInstanceID: 05d779cbb97bd5bd5c51a38a903fc9cfe1b2454a
  FirebaseMessaging: 6894b8fe0a0cf26c3b13dad729f1131654ae0bdb
  FirebaseStorage: 7ca4bb7b58a25fa647b04f524033fc7cb7eb272b
  GoogleToolboxForMac: 91c824d21e85b31c2aae9bb011c5027c9b4e738f
  GTMSessionFetcher: 5fa5b80fd20e439ef5f545fb2cb3ca6c6714caa2
  Keychain: ef812eafcf6593fe4409b07cfecc00b95fb373ed
  nanopb: 5601e6bca2dbf1ed831b519092ec110f66982ca3
  Protobuf: 0fc0ad8bec688b2a3017a139953e01374fedbd5f
  SwiftDate: 4ef029fd3117cc287fe642658b9aca2217628976

PODFILE CHECKSUM: c799805f7831bf5b855b60e243c28c4d6906fd5f

COCOAPODS: 1.5.3
